{
  "name": "@ruvector/sdk",
  "version": "0.0.0-m5",
  "lockfileVersion": 3,
  "requires": true,
  "packages": {
    "": {
      "name": "@ruvector/sdk",
      "version": "0.0.0-m5",
      "license": "MIT",
      "dependencies": {
        "@ruvector/graph-node": "^2.0.3",
        "@ruvector/sona": "^0.1.6"
      },
      "devDependencies": {
        "@types/node": "^25.6.0",
        "typescript": "^5.5.0"
      },
      "engines": {
        "node": ">= 18"
      }
    },
    "node_modules/@ruvector/graph-node": {
      "version": "2.0.3",
      "resolved": "https://registry.npmjs.org/@ruvector/graph-node/-/graph-node-2.0.3.tgz",
      "integrity": "sha512-BE8LiP3pRP/9A3fhnAn3X+p7GvqeLclCe8OXwb4HmiIsbrxp3zIf931q0u5CvsaB3ajDwO2IxCMG4GQABAzmhw==",
      "license": "MIT",
      "engines": {
        "node": ">=18.0.0"
      },
      "optionalDependencies": {
        "@ruvector/graph-node-darwin-arm64": "2.0.2",
        "@ruvector/graph-node-darwin-x64": "2.0.2",
        "@ruvector/graph-node-linux-arm64-gnu": "2.0.2",
        "@ruvector/graph-node-linux-x64-gnu": "2.0.2",
        "@ruvector/graph-node-win32-x64-msvc": "2.0.2"
      }
    },
    "node_modules/@ruvector/graph-node-darwin-arm64": {
      "version": "2.0.2",
      "resolved": "https://registry.npmjs.org/@ruvector/graph-node-darwin-arm64/-/graph-node-darwin-arm64-2.0.2.tgz",
      "integrity": "sha512-r1g7wCZIFtR98dBl33fwDr/f+aYsKA7gElhKStKkwpLpJMiY1jPaabvUOhvulRDALMGH3qgvpVc9/ChxLKT+WA==",
      "cpu": [
        "arm64"
      ],
      "license": "MIT",
      "optional": true,
      "os": [
        "darwin"
      ],
      "engines": {
        "node": ">=18.0.0"
      }
    },
    "node_modules/@ruvector/graph-node-darwin-x64": {
      "version": "2.0.2",
      "resolved": "https://registry.npmjs.org/@ruvector/graph-node-darwin-x64/-/graph-node-darwin-x64-2.0.2.tgz",
      "integrity": "sha512-tJB6dVDItrCaYLF55jP6DjmCzo8BpmucA0JcV2X23x2Tb6hJ5lS5pm3ujhvPy3A/bzgretYEtfHeAQXf1tOy5A==",
      "cpu": [
        "x64"
      ],
      "license": "MIT",
      "optional": true,
      "os": [
        "darwin"
      ],
      "engines": {
        "node": ">=18.0.0"
      }
    },
    "node_modules/@ruvector/graph-node-linux-arm64-gnu": {
      "version": "2.0.2",
      "resolved": "https://registry.npmjs.org/@ruvector/graph-node-linux-arm64-gnu/-/graph-node-linux-arm64-gnu-2.0.2.tgz",
      "integrity": "sha512-GvzFtb+JjXjelNhZQl45HQK5zQqW0GrmpvUCIIWEbDtVLgfCbw37UkLvgc1Kf9qxJHFwl5DTWfKLgbyyKdSX9g==",
      "cpu": [
        "arm64"
      ],
      "license": "MIT",
      "optional": true,
      "os": [
        "linux"
      ],
      "engines": {
        "node": ">=18.0.0"
      }
    },
    "node_modules/@ruvector/graph-node-linux-x64-gnu": {
      "version": "2.0.2",
      "resolved": "https://registry.npmjs.org/@ruvector/graph-node-linux-x64-gnu/-/graph-node-linux-x64-gnu-2.0.2.tgz",
      "integrity": "sha512-yaY/jj3PZ5lSfHhTcc2g5hTDg+pzG4Vo5LfiL1ecU+r+jl2zbLsMecb8ldDFibVO3DFuxTjH/I1+bDFo2fC/Qg==",
      "cpu": [
        "x64"
      ],
      "license": "MIT",
      "optional": true,
      "os": [
        "linux"
      ],
      "engines": {
        "node": ">=18.0.0"
      }
    },
    "node_modules/@ruvector/graph-node-win32-x64-msvc": {
      "version": "2.0.2",
      "resolved": "https://registry.npmjs.org/@ruvector/graph-node-win32-x64-msvc/-/graph-node-win32-x64-msvc-2.0.2.tgz",
      "integrity": "sha512-f38C7oi4mkVl5a5q61rzITvWXIQGykqCWIKgEhGcEt/bDOX2wYCr1F5/AM+Ixz9pYKFvNNrzjozsafeevHWn0Q==",
      "cpu": [
        "x64"
      ],
      "license": "MIT",
      "optional": true,
      "os": [
        "win32"
      ],
      "engines": {
        "node": ">=18.0.0"
      }
    },
    "node_modules/@ruvector/sona": {
      "version": "0.1.6",
      "resolved": "https://registry.npmjs.org/@ruvector/sona/-/sona-0.1.6.tgz",
      "integrity": "sha512-LW40r28yQxXz3vt1fOLRWVV5nln4rzw6a/Yy11EJJdeEN9q4wZG1Glwf9leTp4SjQjuIJ5hklNW8OVMwgyzd5w==",
      "license": "MIT OR Apache-2.0",
      "engines": {
        "node": ">= 16"
      },
      "optionalDependencies": {
        "@ruvector/sona-darwin-arm64": "0.1.4",
        "@ruvector/sona-darwin-x64": "0.1.4",
        "@ruvector/sona-linux-arm64-gnu": "0.1.4",
        "@ruvector/sona-linux-x64-gnu": "0.1.4",
        "@ruvector/sona-linux-x64-musl": "0.1.4",
        "@ruvector/sona-win32-arm64-msvc": "0.1.4",
        "@ruvector/sona-win32-x64-msvc": "0.1.4"
      }
    },
    "node_modules/@ruvector/sona-darwin-arm64": {
      "version": "0.1.4",
      "resolved": "https://registry.npmjs.org/@ruvector/sona-darwin-arm64/-/sona-darwin-arm64-0.1.4.tgz",
      "integrity": "sha512-XLXGnlcrrVM00cTsq7VyGhWu2Fvr4zJQD1bktthR3j0r4Y1PXwnw1QPHVtdcKzKmZ5WKPDGxsgRNPUKAIT/PRA==",
      "cpu": [
        "arm64"
      ],
      "license": "MIT OR Apache-2.0",
      "optional": true,
      "os": [
        "darwin"
      ]
    },
    "node_modules/@ruvector/sona-darwin-x64": {
      "version": "0.1.4",
      "resolved": "https://registry.npmjs.org/@ruvector/sona-darwin-x64/-/sona-darwin-x64-0.1.4.tgz",
      "integrity": "sha512-8bUvmQHn/N7zcD5Zf/u+lsggl6ql0NiuwPPYxitimJKAV+8oT7Zt4zE7kgnx8wqO2YCD4GPxw5laqhRz6IWwQQ==",
      "cpu": [
        "x64"
      ],
      "license": "MIT OR Apache-2.0",
      "optional": true,
      "os": [
        "darwin"
      ]
    },
    "node_modules/@ruvector/sona-linux-arm64-gnu": {
      "version": "0.1.4",
      "resolved": "https://registry.npmjs.org/@ruvector/sona-linux-arm64-gnu/-/sona-linux-arm64-gnu-0.1.4.tgz",
      "integrity": "sha512-QyGIK++wbdRDTF2oio1Ikq1QjS5KKUKJx4Z/rRjxJu29TGXigEdJmwTnPDtsKKzVwXahrEi1mI4Ri/ALMJID9w==",
      "cpu": [
        "arm64"
      ],
      "license": "MIT OR Apache-2.0",
      "optional": true,
      "os": [
        "linux"
      ]
    },
    "node_modules/@ruvector/sona-linux-x64-gnu": {
      "version": "0.1.4",
      "resolved": "https://registry.npmjs.org/@ruvector/sona-linux-x64-gnu/-/sona-linux-x64-gnu-0.1.4.tgz",
      "integrity": "sha512-lh4HYZUag0yiFpooFxAF6TTx/SVDnh/OPD1yY6G2KH9UaIPgLzw0l/dGv4DaVtv6qjeQMMrxrI8y6vFHUOBvuw==",
      "cpu": [
        "x64"
      ],
      "license": "MIT OR Apache-2.0",
      "optional": true,
      "os": [
        "linux"
      ]
    },
    "node_modules/@ruvector/sona-linux-x64-musl": {
      "version": "0.1.4",
      "resolved": "https://registry.npmjs.org/@ruvector/sona-linux-x64-musl/-/sona-linux-x64-musl-0.1.4.tgz",
      "integrity": "sha512-+g+5px2k4lztba8wqxuoNnOU1tFWEdCJHMXqU0Tqn5rq06YoGCGpzoDI55jo1OKtCgCbPLBVT8KiUHIKxT1L/g==",
      "cpu": [
        "x64"
      ],
      "license": "MIT OR Apache-2.0",
      "optional": true,
      "os": [
        "linux"
      ]
    },
    "node_modules/@ruvector/sona-win32-arm64-msvc": {
      "version": "0.1.4",
      "resolved": "https://registry.npmjs.org/@ruvector/sona-win32-arm64-msvc/-/sona-win32-arm64-msvc-0.1.4.tgz",
      "integrity": "sha512-xQkFe5x8SBcg+IM/I5EtDz7gQYdznG1GZnAqt9zKbY/xEOqPmJFlk9A8ab3w9QMBgXTCmlZKkWKDGQgqg3RQ5w==",
      "cpu": [
        "arm64"
      ],
      "license": "MIT OR Apache-2.0",
      "optional": true,
      "os": [
        "win32"
      ]
    },
    "node_modules/@ruvector/sona-win32-x64-msvc": {
      "version": "0.1.4",
      "resolved": "https://registry.npmjs.org/@ruvector/sona-win32-x64-msvc/-/sona-win32-x64-msvc-0.1.4.tgz",
      "integrity": "sha512-kox5tXvKiTtZaSw0fyo7fvAIp/VK5XAtnoN8C8BuERcqOgrcwY6CS8z5M1hEH1XUR9CHBNpiL6+wURsLXwq4/g==",
      "cpu": [
        "x64"
      ],
      "license": "MIT OR Apache-2.0",
      "optional": true,
      "os": [
        "win32"
      ]
    },
    "node_modules/@types/node": {
      "version": "25.6.0",
      "resolved": "https://registry.npmjs.org/@types/node/-/node-25.6.0.tgz",
      "integrity": "sha512-+qIYRKdNYJwY3vRCZMdJbPLJAtGjQBudzZzdzwQYkEPQd+PJGixUL5QfvCLDaULoLv+RhT3LDkwEfKaAkgSmNQ==",
      "dev": true,
      "license": "MIT",
      "dependencies": {
        "undici-types": "~7.19.0"
      }
    },
    "node_modules/typescript": {
      "version": "5.9.3",
      "resolved": "https://registry.npmjs.org/typescript/-/typescript-5.9.3.tgz",
      "integrity": "sha512-jl1vZzPDinLr9eUt3J/t7V6FgNEw9QjvBPdysz9KfQDD41fQrC2Y4vKQdiaUpFT4bXlb1RHhLpp8wtm6M5TgSw==",
      "dev": true,
      "license": "Apache-2.0",
      "bin": {
        "tsc": "bin/tsc",
        "tsserver": "bin/tsserver"
      },
      "engines": {
        "node": ">=14.17"
      }
    },
    "node_modules/undici-types": {
      "version": "7.19.2",
      "resolved": "https://registry.npmjs.org/undici-types/-/undici-types-7.19.2.tgz",
      "integrity": "sha512-qYVnV5OEm2AW8cJMCpdV20CDyaN3g0AjDlOGf1OW4iaDEx8MwdtChUp4zu4H0VP3nDRF/8RKWH+IPp9uW0YGZg==",
      "dev": true,
      "license": "MIT"
    }
  }
}
